<?xml version="1.0" encoding="utf-8"?>
<Project ToolsVersion="4.0" xmlns="http://schemas.microsoft.com/developer/msbuild/2003">
  <ItemGroup>
    <Filter Include="소스 파일">
      <UniqueIdentifier>{4FC737F1-C7A5-4376-A066-2A32D752A2FF}</UniqueIdentifier>
      <Extensions>cpp;c;cc;cxx;def;odl;idl;hpj;bat;asm;asmx</Extensions>
    </Filter>
    <Filter Include="헤더 파일">
      <UniqueIdentifier>{93995380-89BD-4b04-88EB-625FBE52EBFB}</UniqueIdentifier>
      <Extensions>h;hh;hpp;hxx;hm;inl;inc;xsd</Extensions>
    </Filter>
    <Filter Include="리소스 파일">
      <UniqueIdentifier>{67DA6AB6-F800-4c08-8B7A-83BB121AAD01}</UniqueIdentifier>
      <Extensions>rc;ico;cur;bmp;dlg;rc2;rct;bin;rgs;gif;jpg;jpeg;jpe;resx;tiff;tif;png;wav;mfcribbon-ms</Extensions>
    </Filter>
    <Filter Include="FrameWork">
      <UniqueIdentifier>{2786e515-96d4-4532-9a0c-870329c1464e}</UniqueIdentifier>
    </Filter>
    <Filter Include="Scene">
      <UniqueIdentifier>{8c3ec38c-5922-48fb-b425-c5c1a753f8b7}</UniqueIdentifier>
    </Filter>
    <Filter Include="Object">
      <UniqueIdentifier>{f4f4a628-a1bd-4a73-828e-04865a89a5bd}</UniqueIdentifier>
    </Filter>
    <Filter Include="Camera">
      <UniqueIdentifier>{ab3a6095-c205-4c66-80cb-6635254470fd}</UniqueIdentifier>
    </Filter>
    <Filter Include="API">
      <UniqueIdentifier>{e54f9328-0c09-42f8-b0dc-169ba47a7ac4}</UniqueIdentifier>
    </Filter>
    <Filter Include="Shader">
      <UniqueIdentifier>{9aa41d15-1ce8-41cd-8c97-4432b09c1be0}</UniqueIdentifier>
    </Filter>
    <Filter Include="Mesh">
      <UniqueIdentifier>{287b746c-e6c3-4cb8-86bb-373413b06659}</UniqueIdentifier>
    </Filter>
    <Filter Include="Animation">
      <UniqueIdentifier>{23d014c3-caef-4daf-8b7f-b1e217158f56}</UniqueIdentifier>
    </Filter>
    <Filter Include="Object\PlayerObject">
      <UniqueIdentifier>{ea0d23b8-10a3-4d53-9d4c-ff1a85c40349}</UniqueIdentifier>
    </Filter>
    <Filter Include="Object\TextureObject">
      <UniqueIdentifier>{0c5b925f-177e-4734-b554-c4501d1d5c0d}</UniqueIdentifier>
    </Filter>
    <Filter Include="Object\EnvironmentObject">
      <UniqueIdentifier>{4305a41e-9e9f-416b-8fbf-dbf4f6ea82ef}</UniqueIdentifier>
    </Filter>
    <Filter Include="Shader\Texture">
      <UniqueIdentifier>{209ed2dc-a879-49a3-842c-b7f292348740}</UniqueIdentifier>
    </Filter>
    <Filter Include="Shader\HLSL">
      <UniqueIdentifier>{754fef8f-35ed-4baa-bc3f-a745c44c8870}</UniqueIdentifier>
    </Filter>
    <Filter Include="Shader\Material">
      <UniqueIdentifier>{94b7c375-f0e4-4a5d-923a-6ebf8be73719}</UniqueIdentifier>
    </Filter>
  </ItemGroup>
  <ItemGroup>
    <Text Include="ReadMe.txt" />
  </ItemGroup>
  <ItemGroup>
    <ClInclude Include="stdafx.h">
      <Filter>헤더 파일</Filter>
    </ClInclude>
    <ClInclude Include="targetver.h">
      <Filter>헤더 파일</Filter>
    </ClInclude>
    <ClInclude Include="resource.h">
      <Filter>헤더 파일</Filter>
    </ClInclude>
    <ClInclude Include="DimensionWarsClient.h">
      <Filter>헤더 파일</Filter>
    </ClInclude>
    <ClInclude Include="Scene000_BaseScene.h">
      <Filter>Scene</Filter>
    </ClInclude>
    <ClInclude Include="RuntimeFrameWork.h">
      <Filter>FrameWork</Filter>
    </ClInclude>
    <ClInclude Include="Shader000_BaseShader.h">
      <Filter>Shader</Filter>
    </ClInclude>
    <ClInclude Include="Camera000_BaseCamera.h">
      <Filter>Camera</Filter>
    </ClInclude>
    <ClInclude Include="Object000_BaseObject.h">
      <Filter>Object</Filter>
    </ClInclude>
    <ClInclude Include="Texture.h">
      <Filter>Shader\Texture</Filter>
    </ClInclude>
    <ClInclude Include="Material.h">
      <Filter>Shader\Material</Filter>
    </ClInclude>
    <ClInclude Include="d3dx12.h">
      <Filter>API</Filter>
    </ClInclude>
    <ClInclude Include="DDSTextureLoader12.h">
      <Filter>API</Filter>
    </ClInclude>
    <ClInclude Include="WICTextureLoader12.h">
      <Filter>API</Filter>
    </ClInclude>
    <ClInclude Include="BasicDefine.h">
      <Filter>헤더 파일</Filter>
    </ClInclude>
    <ClInclude Include="Mesh000_BaseMesh.h">
      <Filter>Mesh</Filter>
    </ClInclude>
    <ClInclude Include="AnimationController.h">
      <Filter>Animation</Filter>
    </ClInclude>
    <ClInclude Include="Mesh002_HierarchyMesh.h">
      <Filter>Mesh</Filter>
    </ClInclude>
    <ClInclude Include="Mesh001_NoneHierarchyMesh.h">
      <Filter>Mesh</Filter>
    </ClInclude>
    <ClInclude Include="Mesh003_SkinnedMesh.h">
      <Filter>Mesh</Filter>
    </ClInclude>
    <ClInclude Include="Object002_SkinnedFrameObject.h">
      <Filter>Object</Filter>
    </ClInclude>
    <ClInclude Include="FrameTimer.h">
      <Filter>API</Filter>
    </ClInclude>
    <ClInclude Include="Scene001_TitleScene.h">
      <Filter>Scene</Filter>
    </ClInclude>
    <ClInclude Include="Mesh004_SkyBoxMesh.h">
      <Filter>Mesh</Filter>
    </ClInclude>
    <ClInclude Include="Shader001_SkyBoxShader.h">
      <Filter>Shader</Filter>
    </ClInclude>
    <ClInclude Include="Object001_NoneSkinnedFrameObject.h">
      <Filter>Object</Filter>
    </ClInclude>
    <ClInclude Include="Object005_SkinModelObject.h">
      <Filter>Object</Filter>
    </ClInclude>
    <ClInclude Include="Camera001_LockedCamera.h">
      <Filter>Camera</Filter>
    </ClInclude>
    <ClInclude Include="Camera002_ThirdPersonCamera.h">
      <Filter>Camera</Filter>
    </ClInclude>
    <ClInclude Include="Scene002_LobbyScene.h">
      <Filter>Scene</Filter>
    </ClInclude>
    <ClInclude Include="Scene003_RoomScene.h">
      <Filter>Scene</Filter>
    </ClInclude>
    <ClInclude Include="Scene004_BattleScene.h">
      <Filter>Scene</Filter>
    </ClInclude>
    <ClInclude Include="Shader002_TextureVertexRectShader.h">
      <Filter>Shader</Filter>
    </ClInclude>
    <ClInclude Include="TextureVertexRect.h">
      <Filter>Mesh</Filter>
    </ClInclude>
    <ClInclude Include="Shader003_StandardLightingShader.h">
      <Filter>Shader</Filter>
    </ClInclude>
    <ClInclude Include="Shader004_SkinnedAnimationShader.h">
      <Filter>Shader</Filter>
    </ClInclude>
    <ClInclude Include="Mesh005_TextureRectangleMesh.h">
      <Filter>Mesh</Filter>
    </ClInclude>
    <ClInclude Include="Shader005_TextureRectangleShader.h">
      <Filter>Shader</Filter>
    </ClInclude>
    <ClInclude Include="Object100_BasePlayer.h">
      <Filter>Object\PlayerObject</Filter>
    </ClInclude>
    <ClInclude Include="Object101_GrimReaperPlayer.h">
      <Filter>Object\PlayerObject</Filter>
    </ClInclude>
    <ClInclude Include="Object102_GamblerPlayer.h">
      <Filter>Object\PlayerObject</Filter>
    </ClInclude>
    <ClInclude Include="Object006_TextureRectObject.h">
      <Filter>Object\TextureObject</Filter>
    </ClInclude>
    <ClInclude Include="Object003_SkyBox.h">
      <Filter>Object\EnvironmentObject</Filter>
    </ClInclude>
    <ClInclude Include="Object004_DimensionCube.h">
      <Filter>Object\EnvironmentObject</Filter>
    </ClInclude>
    <ClInclude Include="Mesh006_DiffuseCubeMesh.h">
      <Filter>Mesh</Filter>
    </ClInclude>
    <ClInclude Include="Object007_DiffuseCubeObject.h">
      <Filter>Object</Filter>
    </ClInclude>
    <ClInclude Include="Object103_ElfArcherPlayer.h">
      <Filter>Object\PlayerObject</Filter>
    </ClInclude>
    <ClInclude Include="Shader006_DiffuseShader.h">
      <Filter>Shader</Filter>
    </ClInclude>
    <ClInclude Include="Object008_HeightmapTerrain.h">
      <Filter>Object\EnvironmentObject</Filter>
    </ClInclude>
    <ClInclude Include="Shader007_TerrainShader.h">
      <Filter>Shader</Filter>
    </ClInclude>
    <ClInclude Include="HeightMapImage.h">
      <Filter>Mesh</Filter>
    </ClInclude>
    <ClInclude Include="Mesh007_HeightMapGridMesh.h">
      <Filter>Mesh</Filter>
    </ClInclude>
    <ClInclude Include="ResourceManager.h">
      <Filter>FrameWork</Filter>
    </ClInclude>
    <ClInclude Include="Object009_ProjectileObject.h">
      <Filter>Object</Filter>
    </ClInclude>
    <ClInclude Include="Object010_SlashWaveObject.h">
      <Filter>Object</Filter>
    </ClInclude>
    <ClInclude Include="Object011_CardObject.h">
      <Filter>Object</Filter>
    </ClInclude>
    <ClInclude Include="Shader008_CubeShader.h">
      <Filter>Shader</Filter>
    </ClInclude>
    <ClInclude Include="Object012_PortalObject.h">
      <Filter>Object</Filter>
    </ClInclude>
    <ClInclude Include="Object104_DummyPlayer.h">
      <Filter>Object\PlayerObject</Filter>
    </ClInclude>
  </ItemGroup>
  <ItemGroup>
    <ClCompile Include="stdafx.cpp">
      <Filter>소스 파일</Filter>
    </ClCompile>
    <ClCompile Include="DimensionWarsClient.cpp">
      <Filter>소스 파일</Filter>
    </ClCompile>
    <ClCompile Include="Scene000_BaseScene.cpp">
      <Filter>Scene</Filter>
    </ClCompile>
    <ClCompile Include="RuntimeFrameWork.cpp">
      <Filter>FrameWork</Filter>
    </ClCompile>
    <ClCompile Include="Shader000_BaseShader.cpp">
      <Filter>Shader</Filter>
    </ClCompile>
    <ClCompile Include="Camera000_BaseCamera.cpp">
      <Filter>Camera</Filter>
    </ClCompile>
    <ClCompile Include="Object000_BaseObject.cpp">
      <Filter>Object</Filter>
    </ClCompile>
    <ClCompile Include="Texture.cpp">
      <Filter>Shader\Texture</Filter>
    </ClCompile>
    <ClCompile Include="Material.cpp">
      <Filter>Shader\Material</Filter>
    </ClCompile>
    <ClCompile Include="DDSTextureLoader12.cpp">
      <Filter>API</Filter>
    </ClCompile>
    <ClCompile Include="WICTextureLoader12.cpp">
      <Filter>API</Filter>
    </ClCompile>
    <ClCompile Include="Mesh000_BaseMesh.cpp">
      <Filter>Mesh</Filter>
    </ClCompile>
    <ClCompile Include="AnimationController.cpp">
      <Filter>Animation</Filter>
    </ClCompile>
    <ClCompile Include="Mesh002_HierarchyMesh.cpp">
      <Filter>Mesh</Filter>
    </ClCompile>
    <ClCompile Include="Mesh001_NoneHierarchyMesh.cpp">
      <Filter>Mesh</Filter>
    </ClCompile>
    <ClCompile Include="Mesh003_SkinnedMesh.cpp">
      <Filter>Mesh</Filter>
    </ClCompile>
    <ClCompile Include="Object002_SkinnedFrameObject.cpp">
      <Filter>Object</Filter>
    </ClCompile>
    <ClCompile Include="FrameTimer.cpp">
      <Filter>API</Filter>
    </ClCompile>
    <ClCompile Include="Scene001_TitleScene.cpp">
      <Filter>Scene</Filter>
    </ClCompile>
    <ClCompile Include="Mesh004_SkyBoxMesh.cpp">
      <Filter>Mesh</Filter>
    </ClCompile>
    <ClCompile Include="Shader001_SkyBoxShader.cpp">
      <Filter>Shader</Filter>
    </ClCompile>
    <ClCompile Include="Object001_NoneSkinnedFrameObject.cpp">
      <Filter>Object</Filter>
    </ClCompile>
    <ClCompile Include="Object005_SkinModelObject.cpp">
      <Filter>Object</Filter>
    </ClCompile>
    <ClCompile Include="Camera001_LockedCamera.cpp">
      <Filter>Camera</Filter>
    </ClCompile>
    <ClCompile Include="Camera002_ThirdPersonCamera.cpp">
      <Filter>Camera</Filter>
    </ClCompile>
    <ClCompile Include="Scene002_LobbyScene.cpp">
      <Filter>Scene</Filter>
    </ClCompile>
    <ClCompile Include="Scene003_RoomScene.cpp">
      <Filter>Scene</Filter>
    </ClCompile>
    <ClCompile Include="Scene004_BattleScene.cpp">
      <Filter>Scene</Filter>
    </ClCompile>
    <ClCompile Include="Shader002_TextureVertexRectShader.cpp">
      <Filter>Shader</Filter>
    </ClCompile>
    <ClCompile Include="TextureVertexRect.cpp">
      <Filter>Mesh</Filter>
    </ClCompile>
    <ClCompile Include="Shader003_StandardLightingShader.cpp">
      <Filter>Shader</Filter>
    </ClCompile>
    <ClCompile Include="Shader004_SkinnedAnimationShader.cpp">
      <Filter>Shader</Filter>
    </ClCompile>
    <ClCompile Include="Mesh005_TextureRectangleMesh.cpp">
      <Filter>Mesh</Filter>
    </ClCompile>
    <ClCompile Include="Shader005_TextureRectangleShader.cpp">
      <Filter>Shader</Filter>
    </ClCompile>
    <ClCompile Include="Object100_BasePlayer.cpp">
      <Filter>Object\PlayerObject</Filter>
    </ClCompile>
    <ClCompile Include="Object101_GrimReaperPlayer.cpp">
      <Filter>Object\PlayerObject</Filter>
    </ClCompile>
    <ClCompile Include="Object102_GamblerPlayer.cpp">
      <Filter>Object\PlayerObject</Filter>
    </ClCompile>
    <ClCompile Include="Object006_TextureRectObject.cpp">
      <Filter>Object\TextureObject</Filter>
    </ClCompile>
    <ClCompile Include="Object003_SkyBox.cpp">
      <Filter>Object\EnvironmentObject</Filter>
    </ClCompile>
    <ClCompile Include="Object004_DimensionCube.cpp">
      <Filter>Object\EnvironmentObject</Filter>
    </ClCompile>
    <ClCompile Include="Mesh006_DiffuseCubeMesh.cpp">
      <Filter>Mesh</Filter>
    </ClCompile>
    <ClCompile Include="Object007_DiffuseCubeObject.cpp">
      <Filter>Object</Filter>
    </ClCompile>
    <ClCompile Include="Object103_ElfArcherPlayer.cpp">
      <Filter>Object\PlayerObject</Filter>
    </ClCompile>
    <ClCompile Include="Shader006_DiffuseShader.cpp">
      <Filter>Shader</Filter>
    </ClCompile>
    <ClCompile Include="Object008_HeightmapTerrain.cpp">
      <Filter>Object\EnvironmentObject</Filter>
    </ClCompile>
    <ClCompile Include="Shader007_TerrainShader.cpp">
      <Filter>Shader</Filter>
    </ClCompile>
    <ClCompile Include="HeightMapImage.cpp">
      <Filter>Mesh</Filter>
    </ClCompile>
    <ClCompile Include="Mesh007_HeightMapGridMesh.cpp">
      <Filter>Mesh</Filter>
    </ClCompile>
    <ClCompile Include="ResourceManager.cpp">
      <Filter>FrameWork</Filter>
    </ClCompile>
    <ClCompile Include="Object009_ProjectileObject.cpp">
      <Filter>Object</Filter>
    </ClCompile>
    <ClCompile Include="Object010_SlashWaveObject.cpp">
      <Filter>Object</Filter>
    </ClCompile>
    <ClCompile Include="Object011_CardObject.cpp">
      <Filter>Object</Filter>
    </ClCompile>
    <ClCompile Include="Shader008_CubeShader.cpp">
      <Filter>Shader</Filter>
    </ClCompile>
    <ClCompile Include="Object012_PortalObject.cpp">
      <Filter>Object</Filter>
    </ClCompile>
    <ClCompile Include="Object104_DummyPlayer.cpp">
      <Filter>Object\PlayerObject</Filter>
    </ClCompile>
  </ItemGroup>
  <ItemGroup>
    <ResourceCompile Include="DimensionWarsClient.rc">
      <Filter>리소스 파일</Filter>
    </ResourceCompile>
  </ItemGroup>
  <ItemGroup>
    <Image Include="small.ico">
      <Filter>리소스 파일</Filter>
    </Image>
    <Image Include="DimensionWarsClient.ico">
      <Filter>리소스 파일</Filter>
    </Image>
  </ItemGroup>
  <ItemGroup>
    <FxCompile Include="LightShader.hlsl">
      <Filter>Shader\HLSL</Filter>
    </FxCompile>
    <FxCompile Include="BasicShaders.hlsl">
      <Filter>Shader\HLSL</Filter>
    </FxCompile>
  </ItemGroup>
</Project>